<?xml version="1.0" encoding="utf-8"?>
<Project ToolsVersion="4.0" xmlns="http://schemas.microsoft.com/developer/msbuild/2003">
  <ItemGroup>
    <Filter Include="win32">
      <UniqueIdentifier>{84a8ebd7-7cf0-47f6-b75e-d441df67da40}</UniqueIdentifier>
    </Filter>
    <Filter Include="resource">
      <UniqueIdentifier>{715254bc-d70b-4ec5-bf29-467dd3ace079}</UniqueIdentifier>
    </Filter>
    <Filter Include="src">
      <UniqueIdentifier>{bb6c862e-70e9-49d9-81b7-3829a6f50471}</UniqueIdentifier>
    </Filter>
    <Filter Include="src\scenes">
      <UniqueIdentifier>{e3e0ff10-5feb-4fbf-97fa-b59bfb82458b}</UniqueIdentifier>
    </Filter>
    <Filter Include="src\scenes\MainMenuScene">
      <UniqueIdentifier>{57dc663b-057d-4f1a-a135-cba9865bf558}</UniqueIdentifier>
    </Filter>
    <Filter Include="src\DataManager">
      <UniqueIdentifier>{cd5378fb-ac66-45d6-bc70-8b35b57e88c4}</UniqueIdentifier>
    </Filter>
  </ItemGroup>
  <ItemGroup>
    <ClCompile Include="main.cpp">
      <Filter>win32</Filter>
    </ClCompile>
    <ClCompile Include="..\Classes\AppDelegate.cpp">
      <Filter>src</Filter>
    </ClCompile>
    <ClCompile Include="..\Classes\MainMenuScene.cpp">
      <Filter>src\scenes\MainMenuScene</Filter>
    </ClCompile>
    <ClCompile Include="..\Classes\DataManager.cpp">
      <Filter>src\DataManager</Filter>
    </ClCompile>
    <ClCompile Include="..\Classes\ViewBuilder.cpp">
      <Filter>src\scenes</Filter>
    </ClCompile>
  </ItemGroup>
  <ItemGroup>
    <ClInclude Include="main.h">
      <Filter>win32</Filter>
    </ClInclude>
    <ClInclude Include="..\Classes\AppDelegate.h">
      <Filter>src</Filter>
    </ClInclude>
    <ClInclude Include="..\Classes\MainMenuScene.h">
      <Filter>src\scenes\MainMenuScene</Filter>
    </ClInclude>
    <ClInclude Include="..\Classes\dataTypes.h">
      <Filter>src\DataManager</Filter>
    </ClInclude>
    <ClInclude Include="..\Classes\DataManager.h">
      <Filter>src\DataManager</Filter>
    </ClInclude>
    <ClInclude Include="..\Classes\ViewBuilder.h">
      <Filter>src\scenes</Filter>
    </ClInclude>
  </ItemGroup>
  <ItemGroup>
    <ResourceCompile Include="game.rc">
      <Filter>resource</Filter>
    </ResourceCompile>
  </ItemGroup>
</Project>