<?xml version="1.0" encoding="utf-8"?>
<Project ToolsVersion="4.0" xmlns="http://schemas.microsoft.com/developer/msbuild/2003">
  <ItemGroup>
    <Filter Include="win32">
      <UniqueIdentifier>{84a8ebd7-7cf0-47f6-b75e-d441df67da40}</UniqueIdentifier>
    </Filter>
    <Filter Include="resource">
      <UniqueIdentifier>{715254bc-d70b-4ec5-bf29-467dd3ace079}</UniqueIdentifier>
    </Filter>
    <Filter Include="src">
      <UniqueIdentifier>{bb6c862e-70e9-49d9-81b7-3829a6f50471}</UniqueIdentifier>
    </Filter>
    <Filter Include="src\scenes">
      <UniqueIdentifier>{e3e0ff10-5feb-4fbf-97fa-b59bfb82458b}</UniqueIdentifier>
    </Filter>
    <Filter Include="src\scenes\MainMenuScene">
      <UniqueIdentifier>{57dc663b-057d-4f1a-a135-cba9865bf558}</UniqueIdentifier>
    </Filter>
    <Filter Include="src\DataManager">
      <UniqueIdentifier>{cd5378fb-ac66-45d6-bc70-8b35b57e88c4}</UniqueIdentifier>
    </Filter>
    <Filter Include="src\UI">
      <UniqueIdentifier>{39b89886-2e99-4636-8388-153110ede87e}</UniqueIdentifier>
    </Filter>
    <Filter Include="src\UI\PopUpLayer">
      <UniqueIdentifier>{27dc3d03-2a54-490b-a290-b948aabd5e4a}</UniqueIdentifier>
    </Filter>
    <Filter Include="src\scenes\MapScene">
      <UniqueIdentifier>{74abef8f-7ee3-4090-9212-aaea3945557c}</UniqueIdentifier>
    </Filter>
    <Filter Include="src\scenes\BaseScene">
      <UniqueIdentifier>{f05dac8c-a252-4d1a-8666-0d5bed42312e}</UniqueIdentifier>
    </Filter>
    <Filter Include="src\scenes\TavernScene">
      <UniqueIdentifier>{f0bf7fae-94d6-4708-8203-30360bdc56f7}</UniqueIdentifier>
    </Filter>
    <Filter Include="src\scenes\CityScene">
      <UniqueIdentifier>{906c8d69-4576-4aa1-bd39-ba0b1320ba55}</UniqueIdentifier>
    </Filter>
    <Filter Include="src\scenes\CampScene">
      <UniqueIdentifier>{3a233dbd-59f2-430e-9024-e0ece3a291d9}</UniqueIdentifier>
    </Filter>
    <Filter Include="src\scenes\FightScene">
      <UniqueIdentifier>{bcdb0e0f-6355-4184-91ce-471edc70f7c7}</UniqueIdentifier>
    </Filter>
    <Filter Include="src\objects">
      <UniqueIdentifier>{200d4ead-b82e-4f0c-a907-16ab86b09b25}</UniqueIdentifier>
    </Filter>
  </ItemGroup>
  <ItemGroup>
    <ClCompile Include="main.cpp">
      <Filter>win32</Filter>
    </ClCompile>
    <ClCompile Include="..\Classes\AppDelegate.cpp">
      <Filter>src</Filter>
    </ClCompile>
    <ClCompile Include="..\Classes\MainMenuScene.cpp">
      <Filter>src\scenes\MainMenuScene</Filter>
    </ClCompile>
    <ClCompile Include="..\Classes\DataManager.cpp">
      <Filter>src\DataManager</Filter>
    </ClCompile>
    <ClCompile Include="..\Classes\ViewBuilder.cpp">
      <Filter>src\scenes</Filter>
    </ClCompile>
    <ClCompile Include="..\Classes\PopUpLayer.cpp">
      <Filter>src\UI\PopUpLayer</Filter>
    </ClCompile>
    <ClCompile Include="..\Classes\MapScene.cpp">
      <Filter>src\scenes\MapScene</Filter>
    </ClCompile>
    <ClCompile Include="..\Classes\BaseScene.cpp">
      <Filter>src\scenes\BaseScene</Filter>
    </ClCompile>
    <ClCompile Include="..\Classes\CityScene.cpp">
      <Filter>src\scenes\CityScene</Filter>
    </ClCompile>
    <ClCompile Include="..\Classes\CampScene.cpp">
      <Filter>src\scenes\CampScene</Filter>
    </ClCompile>
    <ClCompile Include="..\Classes\TavernScene.cpp">
      <Filter>src\scenes\TavernScene</Filter>
    </ClCompile>
    <ClCompile Include="..\Classes\FightScene.cpp">
      <Filter>src\scenes\FightScene</Filter>
    </ClCompile>
    <ClCompile Include="..\Classes\Monster.cpp">
      <Filter>src\objects</Filter>
    </ClCompile>
    <ClCompile Include="..\Classes\Spawner.cpp">
      <Filter>src</Filter>
    </ClCompile>
    <ClCompile Include="..\Classes\Player.cpp">
      <Filter>src</Filter>
    </ClCompile>
  </ItemGroup>
  <ItemGroup>
    <ClInclude Include="main.h">
      <Filter>win32</Filter>
    </ClInclude>
    <ClInclude Include="..\Classes\AppDelegate.h">
      <Filter>src</Filter>
    </ClInclude>
    <ClInclude Include="..\Classes\MainMenuScene.h">
      <Filter>src\scenes\MainMenuScene</Filter>
    </ClInclude>
    <ClInclude Include="..\Classes\dataTypes.h">
      <Filter>src\DataManager</Filter>
    </ClInclude>
    <ClInclude Include="..\Classes\DataManager.h">
      <Filter>src\DataManager</Filter>
    </ClInclude>
    <ClInclude Include="..\Classes\ViewBuilder.h">
      <Filter>src\scenes</Filter>
    </ClInclude>
    <ClInclude Include="..\Classes\PopUpLayer.h">
      <Filter>src\UI\PopUpLayer</Filter>
    </ClInclude>
    <ClInclude Include="..\Classes\MapScene.h">
      <Filter>src\scenes\MapScene</Filter>
    </ClInclude>
    <ClInclude Include="..\Classes\viewObjectType.h">
      <Filter>src\scenes</Filter>
    </ClInclude>
    <ClInclude Include="..\Classes\BaseScene.h">
      <Filter>src\scenes\BaseScene</Filter>
    </ClInclude>
    <ClInclude Include="..\Classes\CityScene.h">
      <Filter>src\scenes\CityScene</Filter>
    </ClInclude>
    <ClInclude Include="..\Classes\CampScene.h">
      <Filter>src\scenes\CampScene</Filter>
    </ClInclude>
    <ClInclude Include="..\Classes\TavernScene.h">
      <Filter>src\scenes\TavernScene</Filter>
    </ClInclude>
    <ClInclude Include="..\Classes\FightScene.h">
      <Filter>src\scenes\FightScene</Filter>
    </ClInclude>
    <ClInclude Include="..\Classes\Monster.h">
      <Filter>src\objects</Filter>
    </ClInclude>
    <ClInclude Include="..\Classes\Spawner.h">
      <Filter>src</Filter>
    </ClInclude>
    <ClInclude Include="..\Classes\Player.h">
      <Filter>src</Filter>
    </ClInclude>
    <ClInclude Include="..\Classes\MonsterActionListener.h">
      <Filter>src</Filter>
    </ClInclude>
  </ItemGroup>
  <ItemGroup>
    <ResourceCompile Include="game.rc">
      <Filter>resource</Filter>
    </ResourceCompile>
  </ItemGroup>
</Project>